// !$*UTF8*$!
{
	archiveVersion = 1;
	classes = {
	};
	objectVersion = 50;
	objects = {

/* Begin PBXBuildFile section */
		7A13C6174CA3406DE2727601 /* Pods_Codeigma.framework in Frameworks */ = {isa = PBXBuildFile; fileRef = 4BBCA6C670E27B6BF902CAB3 /* Pods_Codeigma.framework */; };
		E9EFD9BB216860EF00EB39A4 /* AppDelegate.swift in Sources */ = {isa = PBXBuildFile; fileRef = E9EFD9BA216860EF00EB39A4 /* AppDelegate.swift */; };
		E9EFD9C0216860EF00EB39A4 /* Main.storyboard in Resources */ = {isa = PBXBuildFile; fileRef = E9EFD9BE216860EF00EB39A4 /* Main.storyboard */; };
		E9EFD9C3216860EF00EB39A4 /* Codeigma.xcdatamodeld in Sources */ = {isa = PBXBuildFile; fileRef = E9EFD9C1216860EF00EB39A4 /* Codeigma.xcdatamodeld */; };
		E9EFD9C52168610100EB39A4 /* Assets.xcassets in Resources */ = {isa = PBXBuildFile; fileRef = E9EFD9C42168610100EB39A4 /* Assets.xcassets */; };
		E9EFD9C82168610100EB39A4 /* LaunchScreen.storyboard in Resources */ = {isa = PBXBuildFile; fileRef = E9EFD9C62168610100EB39A4 /* LaunchScreen.storyboard */; };
		E9EFD9D0216869B000EB39A4 /* LoadingViewController.swift in Sources */ = {isa = PBXBuildFile; fileRef = E9EFD9CF216869B000EB39A4 /* LoadingViewController.swift */; };
		E9EFD9D2216869CE00EB39A4 /* ResultViewController.swift in Sources */ = {isa = PBXBuildFile; fileRef = E9EFD9D1216869CE00EB39A4 /* ResultViewController.swift */; };
		E9EFD9D421686B1300EB39A4 /* ChecklistViewController.swift in Sources */ = {isa = PBXBuildFile; fileRef = E9EFD9D321686B1300EB39A4 /* ChecklistViewController.swift */; };
		E9EFD9D621686B2C00EB39A4 /* DashboardViewController.swift in Sources */ = {isa = PBXBuildFile; fileRef = E9EFD9D521686B2C00EB39A4 /* DashboardViewController.swift */; };
		E9EFD9D921686EF600EB39A4 /* CodeTableViewCell.swift in Sources */ = {isa = PBXBuildFile; fileRef = E9EFD9D821686EF600EB39A4 /* CodeTableViewCell.swift */; };
		E9EFD9DB21686F1700EB39A4 /* BillTableViewCell.swift in Sources */ = {isa = PBXBuildFile; fileRef = E9EFD9DA21686F1700EB39A4 /* BillTableViewCell.swift */; };
		E9EFD9EB2168775F00EB39A4 /* Code+CoreDataClass.swift in Sources */ = {isa = PBXBuildFile; fileRef = E9EFD9E72168775F00EB39A4 /* Code+CoreDataClass.swift */; };
		E9EFD9ED2168775F00EB39A4 /* Bill+CoreDataClass.swift in Sources */ = {isa = PBXBuildFile; fileRef = E9EFD9E92168775F00EB39A4 /* Bill+CoreDataClass.swift */; };
		E9EFD9EE2168775F00EB39A4 /* Bill+CoreDataProperties.swift in Sources */ = {isa = PBXBuildFile; fileRef = E9EFD9EA2168775F00EB39A4 /* Bill+CoreDataProperties.swift */; };
		E9EFD9F221687C1400EB39A4 /* Code+CoreDataProperties.swift in Sources */ = {isa = PBXBuildFile; fileRef = E9EFD9F021687C1400EB39A4 /* Code+CoreDataProperties.swift */; };
		E9EFD9F42168913E00EB39A4 /* tessdata in Resources */ = {isa = PBXBuildFile; fileRef = E9EFD9F32168913D00EB39A4 /* tessdata */; };
		E9EFD9F62168936B00EB39A4 /* SF-Pro-Display-Regular.otf in Resources */ = {isa = PBXBuildFile; fileRef = E9EFD9F52168936B00EB39A4 /* SF-Pro-Display-Regular.otf */; };
		E9EFD9F82168938300EB39A4 /* SF-Pro-Display-Semibold.otf in Resources */ = {isa = PBXBuildFile; fileRef = E9EFD9F72168938200EB39A4 /* SF-Pro-Display-Semibold.otf */; };
/* End PBXBuildFile section */

/* Begin PBXFileReference section */
		4BBCA6C670E27B6BF902CAB3 /* Pods_Codeigma.framework */ = {isa = PBXFileReference; explicitFileType = wrapper.framework; includeInIndex = 0; path = Pods_Codeigma.framework; sourceTree = BUILT_PRODUCTS_DIR; };
		E9EFD9B7216860EF00EB39A4 /* Codeigma.app */ = {isa = PBXFileReference; explicitFileType = wrapper.application; includeInIndex = 0; path = Codeigma.app; sourceTree = BUILT_PRODUCTS_DIR; };
		E9EFD9BA216860EF00EB39A4 /* AppDelegate.swift */ = {isa = PBXFileReference; lastKnownFileType = sourcecode.swift; path = AppDelegate.swift; sourceTree = "<group>"; };
		E9EFD9BF216860EF00EB39A4 /* Base */ = {isa = PBXFileReference; lastKnownFileType = file.storyboard; name = Base; path = Base.lproj/Main.storyboard; sourceTree = "<group>"; };
		E9EFD9C2216860EF00EB39A4 /* Codeigma.xcdatamodel */ = {isa = PBXFileReference; lastKnownFileType = wrapper.xcdatamodel; path = Codeigma.xcdatamodel; sourceTree = "<group>"; };
		E9EFD9C42168610100EB39A4 /* Assets.xcassets */ = {isa = PBXFileReference; lastKnownFileType = folder.assetcatalog; path = Assets.xcassets; sourceTree = "<group>"; };
		E9EFD9C72168610100EB39A4 /* Base */ = {isa = PBXFileReference; lastKnownFileType = file.storyboard; name = Base; path = Base.lproj/LaunchScreen.storyboard; sourceTree = "<group>"; };
		E9EFD9C92168610200EB39A4 /* Info.plist */ = {isa = PBXFileReference; lastKnownFileType = text.plist.xml; path = Info.plist; sourceTree = "<group>"; };
		E9EFD9CF216869B000EB39A4 /* LoadingViewController.swift */ = {isa = PBXFileReference; lastKnownFileType = sourcecode.swift; path = LoadingViewController.swift; sourceTree = "<group>"; };
		E9EFD9D1216869CE00EB39A4 /* ResultViewController.swift */ = {isa = PBXFileReference; lastKnownFileType = sourcecode.swift; path = ResultViewController.swift; sourceTree = "<group>"; };
		E9EFD9D321686B1300EB39A4 /* ChecklistViewController.swift */ = {isa = PBXFileReference; lastKnownFileType = sourcecode.swift; path = ChecklistViewController.swift; sourceTree = "<group>"; };
		E9EFD9D521686B2C00EB39A4 /* DashboardViewController.swift */ = {isa = PBXFileReference; lastKnownFileType = sourcecode.swift; path = DashboardViewController.swift; sourceTree = "<group>"; };
		E9EFD9D821686EF600EB39A4 /* CodeTableViewCell.swift */ = {isa = PBXFileReference; lastKnownFileType = sourcecode.swift; path = CodeTableViewCell.swift; sourceTree = "<group>"; };
		E9EFD9DA21686F1700EB39A4 /* BillTableViewCell.swift */ = {isa = PBXFileReference; lastKnownFileType = sourcecode.swift; path = BillTableViewCell.swift; sourceTree = "<group>"; };
		E9EFD9E72168775F00EB39A4 /* Code+CoreDataClass.swift */ = {isa = PBXFileReference; lastKnownFileType = sourcecode.swift; path = "Code+CoreDataClass.swift"; sourceTree = "<group>"; };
		E9EFD9E92168775F00EB39A4 /* Bill+CoreDataClass.swift */ = {isa = PBXFileReference; lastKnownFileType = sourcecode.swift; path = "Bill+CoreDataClass.swift"; sourceTree = "<group>"; };
		E9EFD9EA2168775F00EB39A4 /* Bill+CoreDataProperties.swift */ = {isa = PBXFileReference; lastKnownFileType = sourcecode.swift; path = "Bill+CoreDataProperties.swift"; sourceTree = "<group>"; };
		E9EFD9F021687C1400EB39A4 /* Code+CoreDataProperties.swift */ = {isa = PBXFileReference; lastKnownFileType = sourcecode.swift; path = "Code+CoreDataProperties.swift"; sourceTree = "<group>"; };
		E9EFD9F32168913D00EB39A4 /* tessdata */ = {isa = PBXFileReference; lastKnownFileType = folder; path = tessdata; sourceTree = "<group>"; };
		E9EFD9F52168936B00EB39A4 /* SF-Pro-Display-Regular.otf */ = {isa = PBXFileReference; lastKnownFileType = file; path = "SF-Pro-Display-Regular.otf"; sourceTree = "<group>"; };
		E9EFD9F72168938200EB39A4 /* SF-Pro-Display-Semibold.otf */ = {isa = PBXFileReference; lastKnownFileType = file; path = "SF-Pro-Display-Semibold.otf"; sourceTree = "<group>"; };
		F0E7D9DD1007C3E937D6822E /* Pods-Codeigma.debug.xcconfig */ = {isa = PBXFileReference; includeInIndex = 1; lastKnownFileType = text.xcconfig; name = "Pods-Codeigma.debug.xcconfig"; path = "Pods/Target Support Files/Pods-Codeigma/Pods-Codeigma.debug.xcconfig"; sourceTree = "<group>"; };
		FAB4DC3A880523ADB954B866 /* Pods-Codeigma.release.xcconfig */ = {isa = PBXFileReference; includeInIndex = 1; lastKnownFileType = text.xcconfig; name = "Pods-Codeigma.release.xcconfig"; path = "Pods/Target Support Files/Pods-Codeigma/Pods-Codeigma.release.xcconfig"; sourceTree = "<group>"; };
/* End PBXFileReference section */

/* Begin PBXFrameworksBuildPhase section */
		E9EFD9B4216860EF00EB39A4 /* Frameworks */ = {
			isa = PBXFrameworksBuildPhase;
			buildActionMask = 2147483647;
			files = (
				7A13C6174CA3406DE2727601 /* Pods_Codeigma.framework in Frameworks */,
			);
			runOnlyForDeploymentPostprocessing = 0;
		};
/* End PBXFrameworksBuildPhase section */

/* Begin PBXGroup section */
		74587001EE0047941F2354D6 /* Pods */ = {
			isa = PBXGroup;
			children = (
				F0E7D9DD1007C3E937D6822E /* Pods-Codeigma.debug.xcconfig */,
				FAB4DC3A880523ADB954B866 /* Pods-Codeigma.release.xcconfig */,
			);
			name = Pods;
			sourceTree = "<group>";
		};
		9DB32045B8B5462A4AB62FCE /* Frameworks */ = {
			isa = PBXGroup;
			children = (
				4BBCA6C670E27B6BF902CAB3 /* Pods_Codeigma.framework */,
			);
			name = Frameworks;
			sourceTree = "<group>";
		};
		E9EFD9AE216860EE00EB39A4 = {
			isa = PBXGroup;
			children = (
				E9EFD9B9216860EF00EB39A4 /* Codeigma */,
				E9EFD9B8216860EF00EB39A4 /* Products */,
				74587001EE0047941F2354D6 /* Pods */,
				9DB32045B8B5462A4AB62FCE /* Frameworks */,
			);
			sourceTree = "<group>";
		};
		E9EFD9B8216860EF00EB39A4 /* Products */ = {
			isa = PBXGroup;
			children = (
				E9EFD9B7216860EF00EB39A4 /* Codeigma.app */,
			);
			name = Products;
			sourceTree = "<group>";
		};
		E9EFD9B9216860EF00EB39A4 /* Codeigma */ = {
			isa = PBXGroup;
			children = (
				E9EFD9BA216860EF00EB39A4 /* AppDelegate.swift */,
				E9EFD9BE216860EF00EB39A4 /* Main.storyboard */,
				E9EFD9F9216893A200EB39A4 /* Fonts */,
				E9EFD9F32168913D00EB39A4 /* tessdata */,
				E9EFD9E6216876DB00EB39A4 /* Core Data */,
				E9EFD9D721686B3400EB39A4 /* Views */,
				E9EFD9C42168610100EB39A4 /* Assets.xcassets */,
				E9EFD9C62168610100EB39A4 /* LaunchScreen.storyboard */,
				E9EFD9C92168610200EB39A4 /* Info.plist */,
			);
			path = Codeigma;
			sourceTree = "<group>";
		};
		E9EFD9D721686B3400EB39A4 /* Views */ = {
			isa = PBXGroup;
			children = (
				E9EFD9DC21686F2400EB39A4 /* Dashboard */,
				E9EFD9DD21686F3000EB39A4 /* Checklist */,
				E9EFD9D1216869CE00EB39A4 /* ResultViewController.swift */,
				E9EFD9CF216869B000EB39A4 /* LoadingViewController.swift */,
			);
			path = Views;
			sourceTree = "<group>";
		};
		E9EFD9DC21686F2400EB39A4 /* Dashboard */ = {
			isa = PBXGroup;
			children = (
				E9EFD9D521686B2C00EB39A4 /* DashboardViewController.swift */,
				E9EFD9DA21686F1700EB39A4 /* BillTableViewCell.swift */,
			);
			path = Dashboard;
			sourceTree = "<group>";
		};
		E9EFD9DD21686F3000EB39A4 /* Checklist */ = {
			isa = PBXGroup;
			children = (
				E9EFD9D321686B1300EB39A4 /* ChecklistViewController.swift */,
				E9EFD9D821686EF600EB39A4 /* CodeTableViewCell.swift */,
			);
			path = Checklist;
			sourceTree = "<group>";
		};
		E9EFD9E6216876DB00EB39A4 /* Core Data */ = {
			isa = PBXGroup;
			children = (
				E9EFD9E72168775F00EB39A4 /* Code+CoreDataClass.swift */,
				E9EFD9F021687C1400EB39A4 /* Code+CoreDataProperties.swift */,
				E9EFD9E92168775F00EB39A4 /* Bill+CoreDataClass.swift */,
				E9EFD9EA2168775F00EB39A4 /* Bill+CoreDataProperties.swift */,
				E9EFD9C1216860EF00EB39A4 /* Codeigma.xcdatamodeld */,
			);
			path = "Core Data";
			sourceTree = "<group>";
		};
		E9EFD9F9216893A200EB39A4 /* Fonts */ = {
			isa = PBXGroup;
			children = (
				E9EFD9F52168936B00EB39A4 /* SF-Pro-Display-Regular.otf */,
				E9EFD9F72168938200EB39A4 /* SF-Pro-Display-Semibold.otf */,
			);
			path = Fonts;
			sourceTree = "<group>";
		};
/* End PBXGroup section */

/* Begin PBXNativeTarget section */
		E9EFD9B6216860EF00EB39A4 /* Codeigma */ = {
			isa = PBXNativeTarget;
			buildConfigurationList = E9EFD9CC2168610200EB39A4 /* Build configuration list for PBXNativeTarget "Codeigma" */;
			buildPhases = (
				2F9BB9C9E46395F8739F11C8 /* [CP] Check Pods Manifest.lock */,
				E9EFD9B3216860EF00EB39A4 /* Sources */,
				E9EFD9B4216860EF00EB39A4 /* Frameworks */,
				E9EFD9B5216860EF00EB39A4 /* Resources */,
				E5688D72780E80AF66DB6983 /* [CP] Embed Pods Frameworks */,
			);
			buildRules = (
			);
			dependencies = (
			);
			name = Codeigma;
			productName = Codeigma;
			productReference = E9EFD9B7216860EF00EB39A4 /* Codeigma.app */;
			productType = "com.apple.product-type.application";
		};
/* End PBXNativeTarget section */

/* Begin PBXProject section */
		E9EFD9AF216860EE00EB39A4 /* Project object */ = {
			isa = PBXProject;
			attributes = {
				LastSwiftUpdateCheck = 1000;
				LastUpgradeCheck = 1000;
				ORGANIZATIONNAME = "Lexie Kemp";
				TargetAttributes = {
					E9EFD9B6216860EF00EB39A4 = {
						CreatedOnToolsVersion = 10.0;
					};
				};
			};
			buildConfigurationList = E9EFD9B2216860EE00EB39A4 /* Build configuration list for PBXProject "Codeigma" */;
			compatibilityVersion = "Xcode 9.3";
			developmentRegion = en;
			hasScannedForEncodings = 0;
			knownRegions = (
				en,
				Base,
			);
			mainGroup = E9EFD9AE216860EE00EB39A4;
			productRefGroup = E9EFD9B8216860EF00EB39A4 /* Products */;
			projectDirPath = "";
			projectRoot = "";
			targets = (
				E9EFD9B6216860EF00EB39A4 /* Codeigma */,
			);
		};
/* End PBXProject section */

/* Begin PBXResourcesBuildPhase section */
		E9EFD9B5216860EF00EB39A4 /* Resources */ = {
			isa = PBXResourcesBuildPhase;
			buildActionMask = 2147483647;
			files = (
				E9EFD9F82168938300EB39A4 /* SF-Pro-Display-Semibold.otf in Resources */,
				E9EFD9C82168610100EB39A4 /* LaunchScreen.storyboard in Resources */,
				E9EFD9F42168913E00EB39A4 /* tessdata in Resources */,
				E9EFD9C52168610100EB39A4 /* Assets.xcassets in Resources */,
				E9EFD9F62168936B00EB39A4 /* SF-Pro-Display-Regular.otf in Resources */,
				E9EFD9C0216860EF00EB39A4 /* Main.storyboard in Resources */,
			);
			runOnlyForDeploymentPostprocessing = 0;
		};
/* End PBXResourcesBuildPhase section */

/* Begin PBXShellScriptBuildPhase section */
		2F9BB9C9E46395F8739F11C8 /* [CP] Check Pods Manifest.lock */ = {
			isa = PBXShellScriptBuildPhase;
			buildActionMask = 2147483647;
			files = (
			);
			inputPaths = (
				"${PODS_PODFILE_DIR_PATH}/Podfile.lock",
				"${PODS_ROOT}/Manifest.lock",
			);
			name = "[CP] Check Pods Manifest.lock";
			outputPaths = (
				"$(DERIVED_FILE_DIR)/Pods-Codeigma-checkManifestLockResult.txt",
			);
			runOnlyForDeploymentPostprocessing = 0;
			shellPath = /bin/sh;
			shellScript = "diff \"${PODS_PODFILE_DIR_PATH}/Podfile.lock\" \"${PODS_ROOT}/Manifest.lock\" > /dev/null\nif [ $? != 0 ] ; then\n    # print error to STDERR\n    echo \"error: The sandbox is not in sync with the Podfile.lock. Run 'pod install' or update your CocoaPods installation.\" >&2\n    exit 1\nfi\n# This output is used by Xcode 'outputs' to avoid re-running this script phase.\necho \"SUCCESS\" > \"${SCRIPT_OUTPUT_FILE_0}\"\n";
			showEnvVarsInLog = 0;
		};
		E5688D72780E80AF66DB6983 /* [CP] Embed Pods Frameworks */ = {
			isa = PBXShellScriptBuildPhase;
			buildActionMask = 2147483647;
			files = (
			);
			inputPaths = (
				"${SRCROOT}/Pods/Target Support Files/Pods-Codeigma/Pods-Codeigma-frameworks.sh",
				"${BUILT_PRODUCTS_DIR}/Alamofire/Alamofire.framework",
				"${BUILT_PRODUCTS_DIR}/SwiftyJSON/SwiftyJSON.framework",
				"${BUILT_PRODUCTS_DIR}/TesseractOCRiOS/TesseractOCR.framework",
			);
			name = "[CP] Embed Pods Frameworks";
			outputPaths = (
				"${TARGET_BUILD_DIR}/${FRAMEWORKS_FOLDER_PATH}/Alamofire.framework",
				"${TARGET_BUILD_DIR}/${FRAMEWORKS_FOLDER_PATH}/SwiftyJSON.framework",
				"${TARGET_BUILD_DIR}/${FRAMEWORKS_FOLDER_PATH}/TesseractOCR.framework",
			);
			runOnlyForDeploymentPostprocessing = 0;
			shellPath = /bin/sh;
			shellScript = "\"${SRCROOT}/Pods/Target Support Files/Pods-Codeigma/Pods-Codeigma-frameworks.sh\"\n";
			showEnvVarsInLog = 0;
		};
/* End PBXShellScriptBuildPhase section */

/* Begin PBXSourcesBuildPhase section */
		E9EFD9B3216860EF00EB39A4 /* Sources */ = {
			isa = PBXSourcesBuildPhase;
			buildActionMask = 2147483647;
			files = (
				E9EFD9DB21686F1700EB39A4 /* BillTableViewCell.swift in Sources */,
				E9EFD9ED2168775F00EB39A4 /* Bill+CoreDataClass.swift in Sources */,
				E9EFD9EE2168775F00EB39A4 /* Bill+CoreDataProperties.swift in Sources */,
				E9EFD9EB2168775F00EB39A4 /* Code+CoreDataClass.swift in Sources */,
				E9EFD9F221687C1400EB39A4 /* Code+CoreDataProperties.swift in Sources */,
				E9EFD9D2216869CE00EB39A4 /* ResultViewController.swift in Sources */,
				E9EFD9D621686B2C00EB39A4 /* DashboardViewController.swift in Sources */,
				E9EFD9D421686B1300EB39A4 /* ChecklistViewController.swift in Sources */,
				E9EFD9C3216860EF00EB39A4 /* Codeigma.xcdatamodeld in Sources */,
				E9EFD9BB216860EF00EB39A4 /* AppDelegate.swift in Sources */,
				E9EFD9D0216869B000EB39A4 /* LoadingViewController.swift in Sources */,
				E9EFD9D921686EF600EB39A4 /* CodeTableViewCell.swift in Sources */,
			);
			runOnlyForDeploymentPostprocessing = 0;
		};
/* End PBXSourcesBuildPhase section */

/* Begin PBXVariantGroup section */
		E9EFD9BE216860EF00EB39A4 /* Main.storyboard */ = {
			isa = PBXVariantGroup;
			children = (
				E9EFD9BF216860EF00EB39A4 /* Base */,
			);
			name = Main.storyboard;
			sourceTree = "<group>";
		};
		E9EFD9C62168610100EB39A4 /* LaunchScreen.storyboard */ = {
			isa = PBXVariantGroup;
			children = (
				E9EFD9C72168610100EB39A4 /* Base */,
			);
			name = LaunchScreen.storyboard;
			sourceTree = "<group>";
		};
/* End PBXVariantGroup section */

/* Begin XCBuildConfiguration section */
		E9EFD9CA2168610200EB39A4 /* Debug */ = {
			isa = XCBuildConfiguration;
			buildSettings = {
				ALWAYS_SEARCH_USER_PATHS = NO;
				CLANG_ANALYZER_NONNULL = YES;
				CLANG_ANALYZER_NUMBER_OBJECT_CONVERSION = YES_AGGRESSIVE;
				CLANG_CXX_LANGUAGE_STANDARD = "gnu++14";
				CLANG_CXX_LIBRARY = "libc++";
				CLANG_ENABLE_MODULES = YES;
				CLANG_ENABLE_OBJC_ARC = YES;
				CLANG_ENABLE_OBJC_WEAK = YES;
				CLANG_WARN_BLOCK_CAPTURE_AUTORELEASING = YES;
				CLANG_WARN_BOOL_CONVERSION = YES;
				CLANG_WARN_COMMA = YES;
				CLANG_WARN_CONSTANT_CONVERSION = YES;
				CLANG_WARN_DEPRECATED_OBJC_IMPLEMENTATIONS = YES;
				CLANG_WARN_DIRECT_OBJC_ISA_USAGE = YES_ERROR;
				CLANG_WARN_DOCUMENTATION_COMMENTS = YES;
				CLANG_WARN_EMPTY_BODY = YES;
				CLANG_WARN_ENUM_CONVERSION = YES;
				CLANG_WARN_INFINITE_RECURSION = YES;
				CLANG_WARN_INT_CONVERSION = YES;
				CLANG_WARN_NON_LITERAL_NULL_CONVERSION = YES;
				CLANG_WARN_OBJC_IMPLICIT_RETAIN_SELF = YES;
				CLANG_WARN_OBJC_LITERAL_CONVERSION = YES;
				CLANG_WARN_OBJC_ROOT_CLASS = YES_ERROR;
				CLANG_WARN_RANGE_LOOP_ANALYSIS = YES;
				CLANG_WARN_STRICT_PROTOTYPES = YES;
				CLANG_WARN_SUSPICIOUS_MOVE = YES;
				CLANG_WARN_UNGUARDED_AVAILABILITY = YES_AGGRESSIVE;
				CLANG_WARN_UNREACHABLE_CODE = YES;
				CLANG_WARN__DUPLICATE_METHOD_MATCH = YES;
				CODE_SIGN_IDENTITY = "iPhone Developer";
				COPY_PHASE_STRIP = NO;
				DEBUG_INFORMATION_FORMAT = dwarf;
				ENABLE_BITCODE = NO;
				ENABLE_STRICT_OBJC_MSGSEND = YES;
				ENABLE_TESTABILITY = YES;
				GCC_C_LANGUAGE_STANDARD = gnu11;
				GCC_DYNAMIC_NO_PIC = NO;
				GCC_NO_COMMON_BLOCKS = YES;
				GCC_OPTIMIZATION_LEVEL = 0;
				GCC_PREPROCESSOR_DEFINITIONS = (
					"DEBUG=1",
					"$(inherited)",
				);
				GCC_WARN_64_TO_32_BIT_CONVERSION = YES;
				GCC_WARN_ABOUT_RETURN_TYPE = YES_ERROR;
				GCC_WARN_UNDECLARED_SELECTOR = YES;
				GCC_WARN_UNINITIALIZED_AUTOS = YES_AGGRESSIVE;
				GCC_WARN_UNUSED_FUNCTION = YES;
				GCC_WARN_UNUSED_VARIABLE = YES;
				IPHONEOS_DEPLOYMENT_TARGET = 12.0;
				MTL_ENABLE_DEBUG_INFO = INCLUDE_SOURCE;
				MTL_FAST_MATH = YES;
				ONLY_ACTIVE_ARCH = YES;
				SDKROOT = iphoneos;
				SWIFT_ACTIVE_COMPILATION_CONDITIONS = DEBUG;
				SWIFT_OPTIMIZATION_LEVEL = "-Onone";
			};
			name = Debug;
		};
		E9EFD9CB2168610200EB39A4 /* Release */ = {
			isa = XCBuildConfiguration;
			buildSettings = {
				ALWAYS_SEARCH_USER_PATHS = NO;
				CLANG_ANALYZER_NONNULL = YES;
				CLANG_ANALYZER_NUMBER_OBJECT_CONVERSION = YES_AGGRESSIVE;
				CLANG_CXX_LANGUAGE_STANDARD = "gnu++14";
				CLANG_CXX_LIBRARY = "libc++";
				CLANG_ENABLE_MODULES = YES;
				CLANG_ENABLE_OBJC_ARC = YES;
				CLANG_ENABLE_OBJC_WEAK = YES;
				CLANG_WARN_BLOCK_CAPTURE_AUTORELEASING = YES;
				CLANG_WARN_BOOL_CONVERSION = YES;
				CLANG_WARN_COMMA = YES;
				CLANG_WARN_CONSTANT_CONVERSION = YES;
				CLANG_WARN_DEPRECATED_OBJC_IMPLEMENTATIONS = YES;
				CLANG_WARN_DIRECT_OBJC_ISA_USAGE = YES_ERROR;
				CLANG_WARN_DOCUMENTATION_COMMENTS = YES;
				CLANG_WARN_EMPTY_BODY = YES;
				CLANG_WARN_ENUM_CONVERSION = YES;
				CLANG_WARN_INFINITE_RECURSION = YES;
				CLANG_WARN_INT_CONVERSION = YES;
				CLANG_WARN_NON_LITERAL_NULL_CONVERSION = YES;
				CLANG_WARN_OBJC_IMPLICIT_RETAIN_SELF = YES;
				CLANG_WARN_OBJC_LITERAL_CONVERSION = YES;
				CLANG_WARN_OBJC_ROOT_CLASS = YES_ERROR;
				CLANG_WARN_RANGE_LOOP_ANALYSIS = YES;
				CLANG_WARN_STRICT_PROTOTYPES = YES;
				CLANG_WARN_SUSPICIOUS_MOVE = YES;
				CLANG_WARN_UNGUARDED_AVAILABILITY = YES_AGGRESSIVE;
				CLANG_WARN_UNREACHABLE_CODE = YES;
				CLANG_WARN__DUPLICATE_METHOD_MATCH = YES;
				CODE_SIGN_IDENTITY = "iPhone Developer";
				COPY_PHASE_STRIP = NO;
				DEBUG_INFORMATION_FORMAT = "dwarf-with-dsym";
				ENABLE_BITCODE = NO;
				ENABLE_NS_ASSERTIONS = NO;
				ENABLE_STRICT_OBJC_MSGSEND = YES;
				GCC_C_LANGUAGE_STANDARD = gnu11;
				GCC_NO_COMMON_BLOCKS = YES;
				GCC_WARN_64_TO_32_BIT_CONVERSION = YES;
				GCC_WARN_ABOUT_RETURN_TYPE = YES_ERROR;
				GCC_WARN_UNDECLARED_SELECTOR = YES;
				GCC_WARN_UNINITIALIZED_AUTOS = YES_AGGRESSIVE;
				GCC_WARN_UNUSED_FUNCTION = YES;
				GCC_WARN_UNUSED_VARIABLE = YES;
				IPHONEOS_DEPLOYMENT_TARGET = 12.0;
				MTL_ENABLE_DEBUG_INFO = NO;
				MTL_FAST_MATH = YES;
				SDKROOT = iphoneos;
				SWIFT_COMPILATION_MODE = wholemodule;
				SWIFT_OPTIMIZATION_LEVEL = "-O";
				VALIDATE_PRODUCT = YES;
			};
			name = Release;
		};
		E9EFD9CD2168610200EB39A4 /* Debug */ = {
			isa = XCBuildConfiguration;
			baseConfigurationReference = F0E7D9DD1007C3E937D6822E /* Pods-Codeigma.debug.xcconfig */;
			buildSettings = {
				ASSETCATALOG_COMPILER_APPICON_NAME = AppIcon;
				CODE_SIGN_STYLE = Automatic;
				DEVELOPMENT_TEAM = M4PHT7QB8F;
				ENABLE_BITCODE = NO;
				INFOPLIST_FILE = Codeigma/Info.plist;
				IPHONEOS_DEPLOYMENT_TARGET = 11.2;
				LD_RUNPATH_SEARCH_PATHS = (
					"$(inherited)",
					"@executable_path/Frameworks",
				);
				PRODUCT_BUNDLE_IDENTIFIER = lexiekemp.Codeigma;
				PRODUCT_NAME = "$(TARGET_NAME)";
				SWIFT_VERSION = 4.2;
				TARGETED_DEVICE_FAMILY = "1,2";
			};
			name = Debug;
		};
		E9EFD9CE2168610200EB39A4 /* Release */ = {
			isa = XCBuildConfiguration;
			baseConfigurationReference = FAB4DC3A880523ADB954B866 /* Pods-Codeigma.release.xcconfig */;
			buildSettings = {
				ASSETCATALOG_COMPILER_APPICON_NAME = AppIcon;
				CODE_SIGN_STYLE = Automatic;
				DEVELOPMENT_TEAM = M4PHT7QB8F;
				ENABLE_BITCODE = NO;
				INFOPLIST_FILE = Codeigma/Info.plist;
				IPHONEOS_DEPLOYMENT_TARGET = 11.2;
				LD_RUNPATH_SEARCH_PATHS = (
					"$(inherited)",
					"@executable_path/Frameworks",
				);
				PRODUCT_BUNDLE_IDENTIFIER = lexiekemp.Codeigma;
				PRODUCT_NAME = "$(TARGET_NAME)";
				SWIFT_VERSION = 4.2;
				TARGETED_DEVICE_FAMILY = "1,2";
			};
			name = Release;
		};
/* End XCBuildConfiguration section */

/* Begin XCConfigurationList section */
		E9EFD9B2216860EE00EB39A4 /* Build configuration list for PBXProject "Codeigma" */ = {
			isa = XCConfigurationList;
			buildConfigurations = (
				E9EFD9CA2168610200EB39A4 /* Debug */,
				E9EFD9CB2168610200EB39A4 /* Release */,
			);
			defaultConfigurationIsVisible = 0;
			defaultConfigurationName = Release;
		};
		E9EFD9CC2168610200EB39A4 /* Build configuration list for PBXNativeTarget "Codeigma" */ = {
			isa = XCConfigurationList;
			buildConfigurations = (
				E9EFD9CD2168610200EB39A4 /* Debug */,
				E9EFD9CE2168610200EB39A4 /* Release */,
			);
			defaultConfigurationIsVisible = 0;
			defaultConfigurationName = Release;
		};
/* End XCConfigurationList section */

/* Begin XCVersionGroup section */
		E9EFD9C1216860EF00EB39A4 /* Codeigma.xcdatamodeld */ = {
			isa = XCVersionGroup;
			children = (
				E9EFD9C2216860EF00EB39A4 /* Codeigma.xcdatamodel */,
			);
			currentVersion = E9EFD9C2216860EF00EB39A4 /* Codeigma.xcdatamodel */;
			path = Codeigma.xcdatamodeld;
			sourceTree = "<group>";
			versionGroupType = wrapper.xcdatamodel;
		};
/* End XCVersionGroup section */
	};
	rootObject = E9EFD9AF216860EE00EB39A4 /* Project object */;
}
